// !$*UTF8*$!
{
	archiveVersion = 1;
	classes = {
	};
	objectVersion = 56;
	objects = {

/* Begin PBXBuildFile section */
		BB667B0D2BB0129B00DA11F4 /* AppDelegate.swift in Sources */ = {isa = PBXBuildFile; fileRef = BB667B0C2BB0129B00DA11F4 /* AppDelegate.swift */; };
		BB667B0F2BB0129B00DA11F4 /* SceneDelegate.swift in Sources */ = {isa = PBXBuildFile; fileRef = BB667B0E2BB0129B00DA11F4 /* SceneDelegate.swift */; };
		BB667B112BB0129B00DA11F4 /* ViewController.swift in Sources */ = {isa = PBXBuildFile; fileRef = BB667B102BB0129B00DA11F4 /* ViewController.swift */; };
		BB667B162BB0129D00DA11F4 /* Assets.xcassets in Resources */ = {isa = PBXBuildFile; fileRef = BB667B152BB0129D00DA11F4 /* Assets.xcassets */; };
		BB667B192BB0129D00DA11F4 /* LaunchScreen.storyboard in Resources */ = {isa = PBXBuildFile; fileRef = BB667B172BB0129D00DA11F4 /* LaunchScreen.storyboard */; };
		BB667B242BB031B300DA11F4 /* Extensions.swift in Sources */ = {isa = PBXBuildFile; fileRef = BB667B232BB031B300DA11F4 /* Extensions.swift */; };
		BB667B2D2BB1A00B00DA11F4 /* CollectionViewController.swift in Sources */ = {isa = PBXBuildFile; fileRef = BB667B2C2BB1A00A00DA11F4 /* CollectionViewController.swift */; };
		BB667B312BB1AA1E00DA11F4 /* InfectedViewController.swift in Sources */ = {isa = PBXBuildFile; fileRef = BB667B302BB1AA1E00DA11F4 /* InfectedViewController.swift */; };
		BB667B332BB1B0AF00DA11F4 /* InfectedViewCell.swift in Sources */ = {isa = PBXBuildFile; fileRef = BB667B322BB1B0AF00DA11F4 /* InfectedViewCell.swift */; };
		BB667B352BB2E4BC00DA11F4 /* Model.swift in Sources */ = {isa = PBXBuildFile; fileRef = BB667B342BB2E4BC00DA11F4 /* Model.swift */; };
/* End PBXBuildFile section */

/* Begin PBXFileReference section */
		BB667B092BB0129B00DA11F4 /* Modeling.app */ = {isa = PBXFileReference; explicitFileType = wrapper.application; includeInIndex = 0; path = Modeling.app; sourceTree = BUILT_PRODUCTS_DIR; };
		BB667B0C2BB0129B00DA11F4 /* AppDelegate.swift */ = {isa = PBXFileReference; lastKnownFileType = sourcecode.swift; path = AppDelegate.swift; sourceTree = "<group>"; };
		BB667B0E2BB0129B00DA11F4 /* SceneDelegate.swift */ = {isa = PBXFileReference; lastKnownFileType = sourcecode.swift; path = SceneDelegate.swift; sourceTree = "<group>"; };
		BB667B102BB0129B00DA11F4 /* ViewController.swift */ = {isa = PBXFileReference; lastKnownFileType = sourcecode.swift; path = ViewController.swift; sourceTree = "<group>"; };
		BB667B152BB0129D00DA11F4 /* Assets.xcassets */ = {isa = PBXFileReference; lastKnownFileType = folder.assetcatalog; path = Assets.xcassets; sourceTree = "<group>"; };
		BB667B182BB0129D00DA11F4 /* Base */ = {isa = PBXFileReference; lastKnownFileType = file.storyboard; name = Base; path = Base.lproj/LaunchScreen.storyboard; sourceTree = "<group>"; };
		BB667B1A2BB0129D00DA11F4 /* Info.plist */ = {isa = PBXFileReference; lastKnownFileType = text.plist.xml; path = Info.plist; sourceTree = "<group>"; };
		BB667B232BB031B300DA11F4 /* Extensions.swift */ = {isa = PBXFileReference; lastKnownFileType = sourcecode.swift; path = Extensions.swift; sourceTree = "<group>"; };
		BB667B2C2BB1A00A00DA11F4 /* CollectionViewController.swift */ = {isa = PBXFileReference; lastKnownFileType = sourcecode.swift; path = CollectionViewController.swift; sourceTree = "<group>"; };
		BB667B302BB1AA1E00DA11F4 /* InfectedViewController.swift */ = {isa = PBXFileReference; lastKnownFileType = sourcecode.swift; path = InfectedViewController.swift; sourceTree = "<group>"; };
		BB667B322BB1B0AF00DA11F4 /* InfectedViewCell.swift */ = {isa = PBXFileReference; lastKnownFileType = sourcecode.swift; path = InfectedViewCell.swift; sourceTree = "<group>"; };
		BB667B342BB2E4BC00DA11F4 /* Model.swift */ = {isa = PBXFileReference; lastKnownFileType = sourcecode.swift; path = Model.swift; sourceTree = "<group>"; };
/* End PBXFileReference section */

/* Begin PBXFrameworksBuildPhase section */
		BB667B062BB0129B00DA11F4 /* Frameworks */ = {
			isa = PBXFrameworksBuildPhase;
			buildActionMask = 2147483647;
			files = (
			);
			runOnlyForDeploymentPostprocessing = 0;
		};
/* End PBXFrameworksBuildPhase section */

/* Begin PBXGroup section */
		BB667B002BB0129B00DA11F4 = {
			isa = PBXGroup;
			children = (
				BB667B0B2BB0129B00DA11F4 /* Modeling */,
				BB667B0A2BB0129B00DA11F4 /* Products */,
			);
			sourceTree = "<group>";
		};
		BB667B0A2BB0129B00DA11F4 /* Products */ = {
			isa = PBXGroup;
			children = (
				BB667B092BB0129B00DA11F4 /* Modeling.app */,
			);
			name = Products;
			sourceTree = "<group>";
		};
		BB667B0B2BB0129B00DA11F4 /* Modeling */ = {
			isa = PBXGroup;
			children = (
				BB667B202BB013D100DA11F4 /* App */,
				BB667B252BB031C000DA11F4 /* Utils */,
				BB667B102BB0129B00DA11F4 /* ViewController.swift */,
				BB667B302BB1AA1E00DA11F4 /* InfectedViewController.swift */,
				BB667B342BB2E4BC00DA11F4 /* Model.swift */,
				BB667B322BB1B0AF00DA11F4 /* InfectedViewCell.swift */,
				BB667B2C2BB1A00A00DA11F4 /* CollectionViewController.swift */,
				BB667B152BB0129D00DA11F4 /* Assets.xcassets */,
				BB667B172BB0129D00DA11F4 /* LaunchScreen.storyboard */,
				BB667B1A2BB0129D00DA11F4 /* Info.plist */,
			);
			path = Modeling;
			sourceTree = "<group>";
		};
		BB667B202BB013D100DA11F4 /* App */ = {
			isa = PBXGroup;
			children = (
				BB667B0C2BB0129B00DA11F4 /* AppDelegate.swift */,
				BB667B0E2BB0129B00DA11F4 /* SceneDelegate.swift */,
			);
			path = App;
			sourceTree = "<group>";
		};
		BB667B252BB031C000DA11F4 /* Utils */ = {
			isa = PBXGroup;
			children = (
				BB667B232BB031B300DA11F4 /* Extensions.swift */,
			);
			path = Utils;
			sourceTree = "<group>";
		};
/* End PBXGroup section */

/* Begin PBXNativeTarget section */
		BB667B082BB0129B00DA11F4 /* Modeling */ = {
			isa = PBXNativeTarget;
			buildConfigurationList = BB667B1D2BB0129D00DA11F4 /* Build configuration list for PBXNativeTarget "Modeling" */;
			buildPhases = (
				BB667B052BB0129B00DA11F4 /* Sources */,
				BB667B062BB0129B00DA11F4 /* Frameworks */,
				BB667B072BB0129B00DA11F4 /* Resources */,
			);
			buildRules = (
			);
			dependencies = (
			);
			name = Modeling;
			productName = Modeling;
			productReference = BB667B092BB0129B00DA11F4 /* Modeling.app */;
			productType = "com.apple.product-type.application";
		};
/* End PBXNativeTarget section */

/* Begin PBXProject section */
		BB667B012BB0129B00DA11F4 /* Project object */ = {
			isa = PBXProject;
			attributes = {
				BuildIndependentTargetsInParallel = 1;
				LastSwiftUpdateCheck = 1520;
				LastUpgradeCheck = 1520;
				TargetAttributes = {
					BB667B082BB0129B00DA11F4 = {
						CreatedOnToolsVersion = 15.2;
					};
				};
			};
			buildConfigurationList = BB667B042BB0129B00DA11F4 /* Build configuration list for PBXProject "Modeling" */;
			compatibilityVersion = "Xcode 14.0";
			developmentRegion = en;
			hasScannedForEncodings = 0;
			knownRegions = (
				en,
				Base,
			);
			mainGroup = BB667B002BB0129B00DA11F4;
			productRefGroup = BB667B0A2BB0129B00DA11F4 /* Products */;
			projectDirPath = "";
			projectRoot = "";
			targets = (
				BB667B082BB0129B00DA11F4 /* Modeling */,
			);
		};
/* End PBXProject section */

/* Begin PBXResourcesBuildPhase section */
		BB667B072BB0129B00DA11F4 /* Resources */ = {
			isa = PBXResourcesBuildPhase;
			buildActionMask = 2147483647;
			files = (
				BB667B192BB0129D00DA11F4 /* LaunchScreen.storyboard in Resources */,
				BB667B162BB0129D00DA11F4 /* Assets.xcassets in Resources */,
			);
			runOnlyForDeploymentPostprocessing = 0;
		};
/* End PBXResourcesBuildPhase section */

/* Begin PBXSourcesBuildPhase section */
		BB667B052BB0129B00DA11F4 /* Sources */ = {
			isa = PBXSourcesBuildPhase;
			buildActionMask = 2147483647;
			files = (
				BB667B2D2BB1A00B00DA11F4 /* CollectionViewController.swift in Sources */,
				BB667B242BB031B300DA11F4 /* Extensions.swift in Sources */,
				BB667B312BB1AA1E00DA11F4 /* InfectedViewController.swift in Sources */,
				BB667B112BB0129B00DA11F4 /* ViewController.swift in Sources */,
				BB667B332BB1B0AF00DA11F4 /* InfectedViewCell.swift in Sources */,
				BB667B0D2BB0129B00DA11F4 /* AppDelegate.swift in Sources */,
				BB667B0F2BB0129B00DA11F4 /* SceneDelegate.swift in Sources */,
				BB667B352BB2E4BC00DA11F4 /* Model.swift in Sources */,
			);
			runOnlyForDeploymentPostprocessing = 0;
		};
/* End PBXSourcesBuildPhase section */

/* Begin PBXVariantGroup section */
		BB667B172BB0129D00DA11F4 /* LaunchScreen.storyboard */ = {
			isa = PBXVariantGroup;
			children = (
				BB667B182BB0129D00DA11F4 /* Base */,
			);
			name = LaunchScreen.storyboard;
			sourceTree = "<group>";
		};
/* End PBXVariantGroup section */

/* Begin XCBuildConfiguration section */
		BB667B1B2BB0129D00DA11F4 /* Debug */ = {
			isa = XCBuildConfiguration;
			buildSettings = {
				ALWAYS_SEARCH_USER_PATHS = NO;
				ASSETCATALOG_COMPILER_GENERATE_SWIFT_ASSET_SYMBOL_EXTENSIONS = YES;
				CLANG_ANALYZER_NONNULL = YES;
				CLANG_ANALYZER_NUMBER_OBJECT_CONVERSION = YES_AGGRESSIVE;
				CLANG_CXX_LANGUAGE_STANDARD = "gnu++20";
				CLANG_ENABLE_MODULES = YES;
				CLANG_ENABLE_OBJC_ARC = YES;
				CLANG_ENABLE_OBJC_WEAK = YES;
				CLANG_WARN_BLOCK_CAPTURE_AUTORELEASING = YES;
				CLANG_WARN_BOOL_CONVERSION = YES;
				CLANG_WARN_COMMA = YES;
				CLANG_WARN_CONSTANT_CONVERSION = YES;
				CLANG_WARN_DEPRECATED_OBJC_IMPLEMENTATIONS = YES;
				CLANG_WARN_DIRECT_OBJC_ISA_USAGE = YES_ERROR;
				CLANG_WARN_DOCUMENTATION_COMMENTS = YES;
				CLANG_WARN_EMPTY_BODY = YES;
				CLANG_WARN_ENUM_CONVERSION = YES;
				CLANG_WARN_INFINITE_RECURSION = YES;
				CLANG_WARN_INT_CONVERSION = YES;
				CLANG_WARN_NON_LITERAL_NULL_CONVERSION = YES;
				CLANG_WARN_OBJC_IMPLICIT_RETAIN_SELF = YES;
				CLANG_WARN_OBJC_LITERAL_CONVERSION = YES;
				CLANG_WARN_OBJC_ROOT_CLASS = YES_ERROR;
				CLANG_WARN_QUOTED_INCLUDE_IN_FRAMEWORK_HEADER = YES;
				CLANG_WARN_RANGE_LOOP_ANALYSIS = YES;
				CLANG_WARN_STRICT_PROTOTYPES = YES;
				CLANG_WARN_SUSPICIOUS_MOVE = YES;
				CLANG_WARN_UNGUARDED_AVAILABILITY = YES_AGGRESSIVE;
				CLANG_WARN_UNREACHABLE_CODE = YES;
				CLANG_WARN__DUPLICATE_METHOD_MATCH = YES;
				COPY_PHASE_STRIP = NO;
				DEBUG_INFORMATION_FORMAT = dwarf;
				ENABLE_STRICT_OBJC_MSGSEND = YES;
				ENABLE_TESTABILITY = YES;
				ENABLE_USER_SCRIPT_SANDBOXING = YES;
				GCC_C_LANGUAGE_STANDARD = gnu17;
				GCC_DYNAMIC_NO_PIC = NO;
				GCC_NO_COMMON_BLOCKS = YES;
				GCC_OPTIMIZATION_LEVEL = 0;
				GCC_PREPROCESSOR_DEFINITIONS = (
					"DEBUG=1",
					"$(inherited)",
				);
				GCC_WARN_64_TO_32_BIT_CONVERSION = YES;
				GCC_WARN_ABOUT_RETURN_TYPE = YES_ERROR;
				GCC_WARN_UNDECLARED_SELECTOR = YES;
				GCC_WARN_UNINITIALIZED_AUTOS = YES_AGGRESSIVE;
				GCC_WARN_UNUSED_FUNCTION = YES;
				GCC_WARN_UNUSED_VARIABLE = YES;
				IPHONEOS_DEPLOYMENT_TARGET = 17.2;
				LOCALIZATION_PREFERS_STRING_CATALOGS = YES;
				MTL_ENABLE_DEBUG_INFO = INCLUDE_SOURCE;
				MTL_FAST_MATH = YES;
				ONLY_ACTIVE_ARCH = YES;
				SDKROOT = iphoneos;
				SWIFT_ACTIVE_COMPILATION_CONDITIONS = "DEBUG $(inherited)";
				SWIFT_OPTIMIZATION_LEVEL = "-Onone";
			};
			name = Debug;
		};
		BB667B1C2BB0129D00DA11F4 /* Release */ = {
			isa = XCBuildConfiguration;
			buildSettings = {
				ALWAYS_SEARCH_USER_PATHS = NO;
				ASSETCATALOG_COMPILER_GENERATE_SWIFT_ASSET_SYMBOL_EXTENSIONS = YES;
				CLANG_ANALYZER_NONNULL = YES;
				CLANG_ANALYZER_NUMBER_OBJECT_CONVERSION = YES_AGGRESSIVE;
				CLANG_CXX_LANGUAGE_STANDARD = "gnu++20";
				CLANG_ENABLE_MODULES = YES;
				CLANG_ENABLE_OBJC_ARC = YES;
				CLANG_ENABLE_OBJC_WEAK = YES;
				CLANG_WARN_BLOCK_CAPTURE_AUTORELEASING = YES;
				CLANG_WARN_BOOL_CONVERSION = YES;
				CLANG_WARN_COMMA = YES;
				CLANG_WARN_CONSTANT_CONVERSION = YES;
				CLANG_WARN_DEPRECATED_OBJC_IMPLEMENTATIONS = YES;
				CLANG_WARN_DIRECT_OBJC_ISA_USAGE = YES_ERROR;
				CLANG_WARN_DOCUMENTATION_COMMENTS = YES;
				CLANG_WARN_EMPTY_BODY = YES;
				CLANG_WARN_ENUM_CONVERSION = YES;
				CLANG_WARN_INFINITE_RECURSION = YES;
				CLANG_WARN_INT_CONVERSION = YES;
				CLANG_WARN_NON_LITERAL_NULL_CONVERSION = YES;
				CLANG_WARN_OBJC_IMPLICIT_RETAIN_SELF = YES;
				CLANG_WARN_OBJC_LITERAL_CONVERSION = YES;
				CLANG_WARN_OBJC_ROOT_CLASS = YES_ERROR;
				CLANG_WARN_QUOTED_INCLUDE_IN_FRAMEWORK_HEADER = YES;
				CLANG_WARN_RANGE_LOOP_ANALYSIS = YES;
				CLANG_WARN_STRICT_PROTOTYPES = YES;
				CLANG_WARN_SUSPICIOUS_MOVE = YES;
				CLANG_WARN_UNGUARDED_AVAILABILITY = YES_AGGRESSIVE;
				CLANG_WARN_UNREACHABLE_CODE = YES;
				CLANG_WARN__DUPLICATE_METHOD_MATCH = YES;
				COPY_PHASE_STRIP = NO;
				DEBUG_INFORMATION_FORMAT = "dwarf-with-dsym";
				ENABLE_NS_ASSERTIONS = NO;
				ENABLE_STRICT_OBJC_MSGSEND = YES;
				ENABLE_USER_SCRIPT_SANDBOXING = YES;
				GCC_C_LANGUAGE_STANDARD = gnu17;
				GCC_NO_COMMON_BLOCKS = YES;
				GCC_WARN_64_TO_32_BIT_CONVERSION = YES;
				GCC_WARN_ABOUT_RETURN_TYPE = YES_ERROR;
				GCC_WARN_UNDECLARED_SELECTOR = YES;
				GCC_WARN_UNINITIALIZED_AUTOS = YES_AGGRESSIVE;
				GCC_WARN_UNUSED_FUNCTION = YES;
				GCC_WARN_UNUSED_VARIABLE = YES;
				IPHONEOS_DEPLOYMENT_TARGET = 17.2;
				LOCALIZATION_PREFERS_STRING_CATALOGS = YES;
				MTL_ENABLE_DEBUG_INFO = NO;
				MTL_FAST_MATH = YES;
				SDKROOT = iphoneos;
				SWIFT_COMPILATION_MODE = wholemodule;
				VALIDATE_PRODUCT = YES;
			};
			name = Release;
		};
		BB667B1E2BB0129D00DA11F4 /* Debug */ = {
			isa = XCBuildConfiguration;
			buildSettings = {
				ASSETCATALOG_COMPILER_APPICON_NAME = AppIcon;
				ASSETCATALOG_COMPILER_GLOBAL_ACCENT_COLOR_NAME = AccentColor;
				CODE_SIGN_STYLE = Automatic;
				CURRENT_PROJECT_VERSION = 1;
				DEVELOPMENT_TEAM = 4G4D5WHAZT;
				GENERATE_INFOPLIST_FILE = YES;
				INFOPLIST_FILE = Modeling/Info.plist;
				INFOPLIST_KEY_UIApplicationSupportsIndirectInputEvents = YES;
				INFOPLIST_KEY_UILaunchStoryboardName = LaunchScreen;
				INFOPLIST_KEY_UISupportedInterfaceOrientations_iPad = "UIInterfaceOrientationPortrait UIInterfaceOrientationPortraitUpsideDown UIInterfaceOrientationLandscapeLeft UIInterfaceOrientationLandscapeRight";
				INFOPLIST_KEY_UISupportedInterfaceOrientations_iPhone = "UIInterfaceOrientationPortrait UIInterfaceOrientationLandscapeLeft UIInterfaceOrientationLandscapeRight";
				IPHONEOS_DEPLOYMENT_TARGET = 16.0;
				LD_RUNPATH_SEARCH_PATHS = (
					"$(inherited)",
					"@executable_path/Frameworks",
				);
				MARKETING_VERSION = 1.0;
				PRODUCT_BUNDLE_IDENTIFIER = local.Modeling;
				PRODUCT_NAME = "$(TARGET_NAME)";
				SUPPORTED_PLATFORMS = "iphoneos iphonesimulator";
				SUPPORTS_MACCATALYST = NO;
				SUPPORTS_MAC_DESIGNED_FOR_IPHONE_IPAD = NO;
				SUPPORTS_XR_DESIGNED_FOR_IPHONE_IPAD = NO;
				SWIFT_EMIT_LOC_STRINGS = YES;
				SWIFT_VERSION = 5.0;
				TARGETED_DEVICE_FAMILY = "1,2";
			};
			name = Debug;
		};
		BB667B1F2BB0129D00DA11F4 /* Release */ = {
			isa = XCBuildConfiguration;
			buildSettings = {
				ASSETCATALOG_COMPILER_APPICON_NAME = AppIcon;
				ASSETCATALOG_COMPILER_GLOBAL_ACCENT_COLOR_NAME = AccentColor;
				CODE_SIGN_STYLE = Automatic;
				CURRENT_PROJECT_VERSION = 1;
				DEVELOPMENT_TEAM = 4G4D5WHAZT;
				GENERATE_INFOPLIST_FILE = YES;
				INFOPLIST_FILE = Modeling/Info.plist;
				INFOPLIST_KEY_UIApplicationSupportsIndirectInputEvents = YES;
				INFOPLIST_KEY_UILaunchStoryboardName = LaunchScreen;
				INFOPLIST_KEY_UISupportedInterfaceOrientations_iPad = "UIInterfaceOrientationPortrait UIInterfaceOrientationPortraitUpsideDown UIInterfaceOrientationLandscapeLeft UIInterfaceOrientationLandscapeRight";
				INFOPLIST_KEY_UISupportedInterfaceOrientations_iPhone = "UIInterfaceOrientationPortrait UIInterfaceOrientationLandscapeLeft UIInterfaceOrientationLandscapeRight";
				IPHONEOS_DEPLOYMENT_TARGET = 16.0;
				LD_RUNPATH_SEARCH_PATHS = (
					"$(inherited)",
					"@executable_path/Frameworks",
				);
				MARKETING_VERSION = 1.0;
				PRODUCT_BUNDLE_IDENTIFIER = local.Modeling;
				PRODUCT_NAME = "$(TARGET_NAME)";
				SUPPORTED_PLATFORMS = "iphoneos iphonesimulator";
				SUPPORTS_MACCATALYST = NO;
				SUPPORTS_MAC_DESIGNED_FOR_IPHONE_IPAD = NO;
				SUPPORTS_XR_DESIGNED_FOR_IPHONE_IPAD = NO;
				SWIFT_EMIT_LOC_STRINGS = YES;
				SWIFT_VERSION = 5.0;
				TARGETED_DEVICE_FAMILY = "1,2";
			};
			name = Release;
		};
/* End XCBuildConfiguration section */

/* Begin XCConfigurationList section */
		BB667B042BB0129B00DA11F4 /* Build configuration list for PBXProject "Modeling" */ = {
			isa = XCConfigurationList;
			buildConfigurations = (
				BB667B1B2BB0129D00DA11F4 /* Debug */,
				BB667B1C2BB0129D00DA11F4 /* Release */,
			);
			defaultConfigurationIsVisible = 0;
			defaultConfigurationName = Release;
		};
		BB667B1D2BB0129D00DA11F4 /* Build configuration list for PBXNativeTarget "Modeling" */ = {
			isa = XCConfigurationList;
			buildConfigurations = (
				BB667B1E2BB0129D00DA11F4 /* Debug */,
				BB667B1F2BB0129D00DA11F4 /* Release */,
			);
			defaultConfigurationIsVisible = 0;
			defaultConfigurationName = Release;
		};
/* End XCConfigurationList section */
	};
	rootObject = BB667B012BB0129B00DA11F4 /* Project object */;
}
